
Microsoft Visual Studio Solution File, Format Version 12.00
# Visual Studio Version 16
VisualStudioVersion = 16.0.30523.141
MinimumVisualStudioVersion = 10.0.40219.1
Project("{FAE04EC0-301F-11D3-BF4B-00C04F79EFBC}") = "Matrix", "Matrix\Matrix.csproj", "{6C564D48-0D72-419B-8458-173BC400DB8A}"
EndProject
Global
	GlobalSection(SolutionConfigurationPlatforms) = preSolution
		Debug|Any CPU = Debug|Any CPU
		Release|Any CPU = Release|Any CPU
	EndGlobalSection
	GlobalSection(ProjectConfigurationPlatforms) = postSolution
		{6C564D48-0D72-419B-8458-173BC400DB8A}.Debug|Any CPU.ActiveCfg = Debug|Any CPU
		{6C564D48-0D72-419B-8458-173BC400DB8A}.Debug|Any CPU.Build.0 = Debug|Any CPU
		{6C564D48-0D72-419B-8458-173BC400DB8A}.Release|Any CPU.ActiveCfg = Release|Any CPU
		{6C564D48-0D72-419B-8458-173BC400DB8A}.Release|Any CPU.Build.0 = Release|Any CPU
	EndGlobalSection
	GlobalSection(SolutionProperties) = preSolution
		HideSolutionNode = FALSE
	EndGlobalSection
	GlobalSection(ExtensibilityGlobals) = postSolution
		SolutionGuid = {5F363112-F608-4A78-BB99-910F2DFFAF1F}
	EndGlobalSection
EndGlobal
